
Microsoft Visual Studio Solution File, Format Version 12.00
# Visual Studio 15
Project("{FAE04EC0-301F-11D3-BF4B-00C04F79EFBC}") = "Assembly-CSharp", "Assembly-CSharp.csproj", "{2CCA1160-A816-12BD-E299-B0BCF9E163E6}"
EndProject
Project("{FAE04EC0-301F-11D3-BF4B-00C04F79EFBC}") = "RuntimeInspector.Runtime", "RuntimeInspector.Runtime.csproj", "{5D7CA2EE-B417-59F7-0565-EEFAE1418B78}"
EndProject
Global
	GlobalSection(SolutionConfigurationPlatforms) = preSolution
		Debug|Any CPU = Debug|Any CPU
		Release|Any CPU = Release|Any CPU
	EndGlobalSection
	GlobalSection(ProjectConfigurationPlatforms) = postSolution
		{2CCA1160-A816-12BD-E299-B0BCF9E163E6}.Debug|Any CPU.ActiveCfg = Debug|Any CPU
		{2CCA1160-A816-12BD-E299-B0BCF9E163E6}.Debug|Any CPU.Build.0 = Debug|Any CPU
		{2CCA1160-A816-12BD-E299-B0BCF9E163E6}.Release|Any CPU.ActiveCfg = Release|Any CPU
		{2CCA1160-A816-12BD-E299-B0BCF9E163E6}.Release|Any CPU.Build.0 = Release|Any CPU
		{5D7CA2EE-B417-59F7-0565-EEFAE1418B78}.Debug|Any CPU.ActiveCfg = Debug|Any CPU
		{5D7CA2EE-B417-59F7-0565-EEFAE1418B78}.Debug|Any CPU.Build.0 = Debug|Any CPU
		{5D7CA2EE-B417-59F7-0565-EEFAE1418B78}.Release|Any CPU.ActiveCfg = Release|Any CPU
		{5D7CA2EE-B417-59F7-0565-EEFAE1418B78}.Release|Any CPU.Build.0 = Release|Any CPU
	EndGlobalSection
	GlobalSection(SolutionProperties) = preSolution
		HideSolutionNode = FALSE
	EndGlobalSection
EndGlobal
